
Microsoft Visual Studio Solution File, Format Version 12.00
# Visual Studio Version 17
VisualStudioVersion = 17.3.32825.248
MinimumVisualStudioVersion = 10.0.40219.1
Project("{FAE04EC0-301F-11D3-BF4B-00C04F79EFBC}") = "Week6StringsAndArrays", "Week6StringsAndArrays\Week6StringsAndArrays.csproj", "{E1A44A8E-881E-4EC1-A46A-E822081A9DE5}"
EndProject
Project("{FAE04EC0-301F-11D3-BF4B-00C04F79EFBC}") = "Arrays", "Arrays\Arrays.csproj", "{D510434F-478C-426D-9388-AFBE2AD35545}"
EndProject
Project("{FAE04EC0-301F-11D3-BF4B-00C04F79EFBC}") = "NumberArrays", "NumberArrays\NumberArrays.csproj", "{D2CAA43E-6553-4560-9FB1-C3F4C013E122}"
EndProject
Project("{FAE04EC0-301F-11D3-BF4B-00C04F79EFBC}") = "RandomElement", "RandomElement\RandomElement.csproj", "{B7ACFE5D-533F-4A49-B767-B14C80CDA78E}"
EndProject
Global
	GlobalSection(SolutionConfigurationPlatforms) = preSolution
		Debug|Any CPU = Debug|Any CPU
		Release|Any CPU = Release|Any CPU
	EndGlobalSection
	GlobalSection(ProjectConfigurationPlatforms) = postSolution
		{E1A44A8E-881E-4EC1-A46A-E822081A9DE5}.Debug|Any CPU.ActiveCfg = Debug|Any CPU
		{E1A44A8E-881E-4EC1-A46A-E822081A9DE5}.Debug|Any CPU.Build.0 = Debug|Any CPU
		{E1A44A8E-881E-4EC1-A46A-E822081A9DE5}.Release|Any CPU.ActiveCfg = Release|Any CPU
		{E1A44A8E-881E-4EC1-A46A-E822081A9DE5}.Release|Any CPU.Build.0 = Release|Any CPU
		{D510434F-478C-426D-9388-AFBE2AD35545}.Debug|Any CPU.ActiveCfg = Debug|Any CPU
		{D510434F-478C-426D-9388-AFBE2AD35545}.Debug|Any CPU.Build.0 = Debug|Any CPU
		{D510434F-478C-426D-9388-AFBE2AD35545}.Release|Any CPU.ActiveCfg = Release|Any CPU
		{D510434F-478C-426D-9388-AFBE2AD35545}.Release|Any CPU.Build.0 = Release|Any CPU
		{D2CAA43E-6553-4560-9FB1-C3F4C013E122}.Debug|Any CPU.ActiveCfg = Debug|Any CPU
		{D2CAA43E-6553-4560-9FB1-C3F4C013E122}.Debug|Any CPU.Build.0 = Debug|Any CPU
		{D2CAA43E-6553-4560-9FB1-C3F4C013E122}.Release|Any CPU.ActiveCfg = Release|Any CPU
		{D2CAA43E-6553-4560-9FB1-C3F4C013E122}.Release|Any CPU.Build.0 = Release|Any CPU
		{B7ACFE5D-533F-4A49-B767-B14C80CDA78E}.Debug|Any CPU.ActiveCfg = Debug|Any CPU
		{B7ACFE5D-533F-4A49-B767-B14C80CDA78E}.Debug|Any CPU.Build.0 = Debug|Any CPU
		{B7ACFE5D-533F-4A49-B767-B14C80CDA78E}.Release|Any CPU.ActiveCfg = Release|Any CPU
		{B7ACFE5D-533F-4A49-B767-B14C80CDA78E}.Release|Any CPU.Build.0 = Release|Any CPU
	EndGlobalSection
	GlobalSection(SolutionProperties) = preSolution
		HideSolutionNode = FALSE
	EndGlobalSection
	GlobalSection(ExtensibilityGlobals) = postSolution
		SolutionGuid = {F12ECEE7-FB63-478C-8C7D-882D7217A4C6}
	EndGlobalSection
EndGlobal
